
Microsoft Visual Studio Solution File, Format Version 12.00
# Visual Studio Version 17
VisualStudioVersion = 17.8.34322.80
MinimumVisualStudioVersion = 10.0.40219.1
Project("{8BC9CEB8-8B4A-11D0-8D11-00A0C91BC942}") = "CompSci2Lab4", "CompSci2Lab4\CompSci2Lab4.vcxproj", "{DC7E213A-7A92-4B4F-A70B-03536FB6F033}"
EndProject
Global
	GlobalSection(SolutionConfigurationPlatforms) = preSolution
		Debug|x64 = Debug|x64
		Debug|x86 = Debug|x86
		Release|x64 = Release|x64
		Release|x86 = Release|x86
	EndGlobalSection
	GlobalSection(ProjectConfigurationPlatforms) = postSolution
		{DC7E213A-7A92-4B4F-A70B-03536FB6F033}.Debug|x64.ActiveCfg = Debug|x64
		{DC7E213A-7A92-4B4F-A70B-03536FB6F033}.Debug|x64.Build.0 = Debug|x64
		{DC7E213A-7A92-4B4F-A70B-03536FB6F033}.Debug|x86.ActiveCfg = Debug|Win32
		{DC7E213A-7A92-4B4F-A70B-03536FB6F033}.Debug|x86.Build.0 = Debug|Win32
		{DC7E213A-7A92-4B4F-A70B-03536FB6F033}.Release|x64.ActiveCfg = Release|x64
		{DC7E213A-7A92-4B4F-A70B-03536FB6F033}.Release|x64.Build.0 = Release|x64
		{DC7E213A-7A92-4B4F-A70B-03536FB6F033}.Release|x86.ActiveCfg = Release|Win32
		{DC7E213A-7A92-4B4F-A70B-03536FB6F033}.Release|x86.Build.0 = Release|Win32
	EndGlobalSection
	GlobalSection(SolutionProperties) = preSolution
		HideSolutionNode = FALSE
	EndGlobalSection
	GlobalSection(ExtensibilityGlobals) = postSolution
		SolutionGuid = {E39F976E-AA41-450A-8202-7E1A40CD6B65}
	EndGlobalSection
EndGlobal
